
Microsoft Visual Studio Solution File, Format Version 11.00
# Visual Studio 2010
Project("{2150E333-8FDC-42A3-9474-1A3956D46DE8}") = "Tests Sets", "Tests Sets", "{BB39334D-4A50-4B65-A9DE-98F5408A79D1}"
EndProject
Project("{2150E333-8FDC-42A3-9474-1A3956D46DE8}") = "Elementary Actions", "Elementary Actions", "{FA1ED208-2426-4ADE-9186-483F87491914}"
EndProject
Project("{F184B08F-C81C-45F6-A57F-5ABD9991F28F}") = "IEX.ElementaryActions.EPG", "..\..\IEX_SRC_FILES\IEX.ElementaryActions.EPG\IEX.ElementaryActions.EPG.vbproj", "{D0A8EBF2-C5FC-4D53-9DF4-C85103097963}"
EndProject
Project("{F184B08F-C81C-45F6-A57F-5ABD9991F28F}") = "IEX.ElementaryActions.EPG.SF", "..\..\IEX_SRC_FILES\IEX.ElementaryActions.EPG.SF\IEX.ElementaryActions.EPG.SF.vbproj", "{413AEE4B-C5B2-44F1-A3A2-41EB3307CE58}"
EndProject
Project("{F184B08F-C81C-45F6-A57F-5ABD9991F28F}") = "IEX.ElementaryActions.Functionality", "..\..\IEX_SRC_FILES\IEX.ElementaryActions.Functionality\IEX.ElementaryActions.Functionality.vbproj", "{C4CE3A3C-D1BC-4CAD-9661-616658CBEABB}"
EndProject
Project("{FAE04EC0-301F-11D3-BF4B-00C04F79EFBC}") = "MultiRunner", "..\..\IEX_TESTS\src\MultiRunner\MultiRunner.csproj", "{2A289CBF-D414-4417-B728-9421016FFF62}"
EndProject
Project("{2150E333-8FDC-42A3-9474-1A3956D46DE8}") = "Tests Tools", "Tests Tools", "{9C9C3248-5DBE-4BB1-B35D-8D8A94F1DC59}"
EndProject
Project("{FAE04EC0-301F-11D3-BF4B-00C04F79EFBC}") = "LightSanity", "LightSanity\LightSanity.csproj", "{6FF7DDA3-8849-485F-BF75-11686C204F37}"
EndProject
Project("{FAE04EC0-301F-11D3-BF4B-00C04F79EFBC}") = "FullSanity", "FullSanity\FullSanity.csproj", "{FA956DFD-EAE0-4821-83ED-AA8796AF84A2}"
EndProject
Project("{F184B08F-C81C-45F6-A57F-5ABD9991F28F}") = "IEX.ElementaryActions.EPG.SF.UPC", "..\..\IEX_SRC_FILES\IEX.ElementaryActions.EPG.SF.UPC\IEX.ElementaryActions.EPG.SF.UPC.vbproj", "{0E93D8AB-7FA2-4F55-9ED1-EAE98DCF2A51}"
EndProject
Project("{F184B08F-C81C-45F6-A57F-5ABD9991F28F}") = "IEX.ElementaryActions.EPG.SF.ISTB", "..\..\IEX_SRC_FILES\IEX.ElementaryActions.EPG.SF.ISTB\IEX.ElementaryActions.EPG.SF.ISTB.vbproj", "{8942B191-72C3-4E6B-B1BB-1368EEF50446}"
EndProject
Project("{F184B08F-C81C-45F6-A57F-5ABD9991F28F}") = "IEX.ElementaryActions.EPG.SF.COGECO", "..\..\IEX_SRC_FILES\IEX.ElementaryActions.EPG.SF.COGECO\IEX.ElementaryActions.EPG.SF.COGECO.vbproj", "{E4C5B131-7E37-4CCF-BD4C-207B2968006F}"
EndProject
Project("{F184B08F-C81C-45F6-A57F-5ABD9991F28F}") = "IEX.ElementaryActions.EPG.SF.CDIGITAL", "..\..\IEX_SRC_FILES\IEX.ElementaryActions.EPG.SF.CDIGITAL\IEX.ElementaryActions.EPG.SF.CDIGITAL.vbproj", "{23707326-EA34-4B44-8819-5C99DD056E24}"
EndProject
Project("{F184B08F-C81C-45F6-A57F-5ABD9991F28F}") = "IEX.ElementaryActions.EPG.SF.IPC", "..\..\IEX_SRC_FILES\IEX.ElementaryActions.EPG.SF.IPC\IEX.ElementaryActions.EPG.SF.IPC.vbproj", "{E67E07EB-0665-49DC-8B32-34713FC1F6E5}"
EndProject
Project("{F184B08F-C81C-45F6-A57F-5ABD9991F28F}") = "IEX.ElementaryActions.EPG.SF.VOO", "..\..\IEX_SRC_FILES\IEX.ElementaryActions.EPG.SF.VOO\IEX.ElementaryActions.EPG.SF.VOO.vbproj", "{B6C9BEFC-1347-44CC-BA68-DA6E04AF28B4}"
EndProject
Project("{F184B08F-C81C-45F6-A57F-5ABD9991F28F}") = "IEX.ElementaryActions.EPG.SF.GET", "..\..\IEX_SRC_FILES\IEX.ElementaryActions.EPG.SF.GET\IEX.ElementaryActions.EPG.SF.GET.vbproj", "{07B08BA5-54F0-4699-8A12-83EC552C0273}"
EndProject
Project("{F184B08F-C81C-45F6-A57F-5ABD9991F28F}") = "IEX.ElementaryActions.EPG.SF.TN", "..\..\IEX_SRC_FILES\IEX.ElementaryActions.EPG.SF.TN\IEX.ElementaryActions.EPG.SF.TN.vbproj", "{88580152-54E6-466B-A5E4-E4A20914A12B}"
EndProject
Project("{FAE04EC0-301F-11D3-BF4B-00C04F79EFBC}") = "IEX.Tests.Engine", "..\..\IEX_TESTS\src\IEX.Tests.Engine\IEX.Tests.Engine.csproj", "{684506F1-5DAD-4A3C-AB08-C34B241AF8D7}"
EndProject
Project("{FAE04EC0-301F-11D3-BF4B-00C04F79EFBC}") = "IEX.Tests.Utils", "..\..\IEX_TESTS\src\IEX.Tests.Utils\IEX.Tests.Utils.csproj", "{592D4503-6C86-46A3-BA03-7DA412D01D02}"
EndProject
Project("{FAE04EC0-301F-11D3-BF4B-00C04F79EFBC}") = "IEX.HealthCheck", "..\..\IEX_TESTS\src\IEX.HealthCheck\IEX.HealthCheck.csproj", "{88ECFBA7-E350-46B2-9B7F-ABBB05D1B910}"
EndProject
Project("{FAE04EC0-301F-11D3-BF4B-00C04F79EFBC}") = "CommonTests", "..\..\IEX_TESTS\src\CommonTests\CommonTests.csproj", "{911778A7-FAE9-469D-9866-5356A578E36F}"
EndProject
Project("{FAE04EC0-301F-11D3-BF4B-00C04F79EFBC}") = "HealthCheck", "HealthCheck\HealthCheck.csproj", "{DE8B6970-3BFA-45E7-8527-70C9E8ECD834}"
EndProject
Project("{F184B08F-C81C-45F6-A57F-5ABD9991F28F}") = "FailuresHandler", "..\..\IEX_SRC_FILES\FailuresHandler\FailuresHandler.vbproj", "{763ABA2D-D93A-4527-AF42-74EFA511F378}"
EndProject
Global
	GlobalSection(SolutionConfigurationPlatforms) = preSolution
		Debug|Any CPU = Debug|Any CPU
		Debug|Mixed Platforms = Debug|Mixed Platforms
		Debug|x86 = Debug|x86
		Release|Any CPU = Release|Any CPU
		Release|Mixed Platforms = Release|Mixed Platforms
		Release|x86 = Release|x86
	EndGlobalSection
	GlobalSection(ProjectConfigurationPlatforms) = postSolution
		{D0A8EBF2-C5FC-4D53-9DF4-C85103097963}.Debug|Any CPU.ActiveCfg = Debug|Any CPU
		{D0A8EBF2-C5FC-4D53-9DF4-C85103097963}.Debug|Any CPU.Build.0 = Debug|Any CPU
		{D0A8EBF2-C5FC-4D53-9DF4-C85103097963}.Debug|Mixed Platforms.ActiveCfg = Debug|Any CPU
		{D0A8EBF2-C5FC-4D53-9DF4-C85103097963}.Debug|Mixed Platforms.Build.0 = Debug|Any CPU
		{D0A8EBF2-C5FC-4D53-9DF4-C85103097963}.Debug|x86.ActiveCfg = Debug|Any CPU
		{D0A8EBF2-C5FC-4D53-9DF4-C85103097963}.Release|Any CPU.ActiveCfg = Release|Any CPU
		{D0A8EBF2-C5FC-4D53-9DF4-C85103097963}.Release|Any CPU.Build.0 = Release|Any CPU
		{D0A8EBF2-C5FC-4D53-9DF4-C85103097963}.Release|Mixed Platforms.ActiveCfg = Release|Any CPU
		{D0A8EBF2-C5FC-4D53-9DF4-C85103097963}.Release|Mixed Platforms.Build.0 = Release|Any CPU
		{D0A8EBF2-C5FC-4D53-9DF4-C85103097963}.Release|x86.ActiveCfg = Release|Any CPU
		{413AEE4B-C5B2-44F1-A3A2-41EB3307CE58}.Debug|Any CPU.ActiveCfg = Debug|Any CPU
		{413AEE4B-C5B2-44F1-A3A2-41EB3307CE58}.Debug|Any CPU.Build.0 = Debug|Any CPU
		{413AEE4B-C5B2-44F1-A3A2-41EB3307CE58}.Debug|Mixed Platforms.ActiveCfg = Debug|Any CPU
		{413AEE4B-C5B2-44F1-A3A2-41EB3307CE58}.Debug|Mixed Platforms.Build.0 = Debug|Any CPU
		{413AEE4B-C5B2-44F1-A3A2-41EB3307CE58}.Debug|x86.ActiveCfg = Debug|Any CPU
		{413AEE4B-C5B2-44F1-A3A2-41EB3307CE58}.Release|Any CPU.ActiveCfg = Release|Any CPU
		{413AEE4B-C5B2-44F1-A3A2-41EB3307CE58}.Release|Any CPU.Build.0 = Release|Any CPU
		{413AEE4B-C5B2-44F1-A3A2-41EB3307CE58}.Release|Mixed Platforms.ActiveCfg = Release|Any CPU
		{413AEE4B-C5B2-44F1-A3A2-41EB3307CE58}.Release|Mixed Platforms.Build.0 = Release|Any CPU
		{413AEE4B-C5B2-44F1-A3A2-41EB3307CE58}.Release|x86.ActiveCfg = Release|Any CPU
		{C4CE3A3C-D1BC-4CAD-9661-616658CBEABB}.Debug|Any CPU.ActiveCfg = Debug|Any CPU
		{C4CE3A3C-D1BC-4CAD-9661-616658CBEABB}.Debug|Any CPU.Build.0 = Debug|Any CPU
		{C4CE3A3C-D1BC-4CAD-9661-616658CBEABB}.Debug|Mixed Platforms.ActiveCfg = Debug|Any CPU
		{C4CE3A3C-D1BC-4CAD-9661-616658CBEABB}.Debug|Mixed Platforms.Build.0 = Debug|Any CPU
		{C4CE3A3C-D1BC-4CAD-9661-616658CBEABB}.Debug|x86.ActiveCfg = Debug|Any CPU
		{C4CE3A3C-D1BC-4CAD-9661-616658CBEABB}.Release|Any CPU.ActiveCfg = Release|Any CPU
		{C4CE3A3C-D1BC-4CAD-9661-616658CBEABB}.Release|Any CPU.Build.0 = Release|Any CPU
		{C4CE3A3C-D1BC-4CAD-9661-616658CBEABB}.Release|Mixed Platforms.ActiveCfg = Release|Any CPU
		{C4CE3A3C-D1BC-4CAD-9661-616658CBEABB}.Release|Mixed Platforms.Build.0 = Release|Any CPU
		{C4CE3A3C-D1BC-4CAD-9661-616658CBEABB}.Release|x86.ActiveCfg = Release|Any CPU
		{2A289CBF-D414-4417-B728-9421016FFF62}.Debug|Any CPU.ActiveCfg = Debug|x86
		{2A289CBF-D414-4417-B728-9421016FFF62}.Debug|Mixed Platforms.ActiveCfg = Debug|x86
		{2A289CBF-D414-4417-B728-9421016FFF62}.Debug|Mixed Platforms.Build.0 = Debug|x86
		{2A289CBF-D414-4417-B728-9421016FFF62}.Debug|x86.ActiveCfg = Debug|x86
		{2A289CBF-D414-4417-B728-9421016FFF62}.Debug|x86.Build.0 = Debug|x86
		{2A289CBF-D414-4417-B728-9421016FFF62}.Release|Any CPU.ActiveCfg = Release|x86
		{2A289CBF-D414-4417-B728-9421016FFF62}.Release|Mixed Platforms.ActiveCfg = Release|x86
		{2A289CBF-D414-4417-B728-9421016FFF62}.Release|Mixed Platforms.Build.0 = Release|x86
		{2A289CBF-D414-4417-B728-9421016FFF62}.Release|x86.ActiveCfg = Release|x86
		{2A289CBF-D414-4417-B728-9421016FFF62}.Release|x86.Build.0 = Release|x86
		{6FF7DDA3-8849-485F-BF75-11686C204F37}.Debug|Any CPU.ActiveCfg = Debug|x86
		{6FF7DDA3-8849-485F-BF75-11686C204F37}.Debug|Mixed Platforms.ActiveCfg = Debug|x86
		{6FF7DDA3-8849-485F-BF75-11686C204F37}.Debug|Mixed Platforms.Build.0 = Debug|x86
		{6FF7DDA3-8849-485F-BF75-11686C204F37}.Debug|x86.ActiveCfg = Debug|x86
		{6FF7DDA3-8849-485F-BF75-11686C204F37}.Debug|x86.Build.0 = Debug|x86
		{6FF7DDA3-8849-485F-BF75-11686C204F37}.Release|Any CPU.ActiveCfg = Release|x86
		{6FF7DDA3-8849-485F-BF75-11686C204F37}.Release|Mixed Platforms.ActiveCfg = Release|x86
		{6FF7DDA3-8849-485F-BF75-11686C204F37}.Release|Mixed Platforms.Build.0 = Release|x86
		{6FF7DDA3-8849-485F-BF75-11686C204F37}.Release|x86.ActiveCfg = Release|x86
		{6FF7DDA3-8849-485F-BF75-11686C204F37}.Release|x86.Build.0 = Release|x86
		{FA956DFD-EAE0-4821-83ED-AA8796AF84A2}.Debug|Any CPU.ActiveCfg = Debug|x86
		{FA956DFD-EAE0-4821-83ED-AA8796AF84A2}.Debug|Mixed Platforms.ActiveCfg = Debug|x86
		{FA956DFD-EAE0-4821-83ED-AA8796AF84A2}.Debug|Mixed Platforms.Build.0 = Debug|x86
		{FA956DFD-EAE0-4821-83ED-AA8796AF84A2}.Debug|x86.ActiveCfg = Debug|x86
		{FA956DFD-EAE0-4821-83ED-AA8796AF84A2}.Debug|x86.Build.0 = Debug|x86
		{FA956DFD-EAE0-4821-83ED-AA8796AF84A2}.Release|Any CPU.ActiveCfg = Release|x86
		{FA956DFD-EAE0-4821-83ED-AA8796AF84A2}.Release|Mixed Platforms.ActiveCfg = Release|x86
		{FA956DFD-EAE0-4821-83ED-AA8796AF84A2}.Release|Mixed Platforms.Build.0 = Release|x86
		{FA956DFD-EAE0-4821-83ED-AA8796AF84A2}.Release|x86.ActiveCfg = Release|x86
		{FA956DFD-EAE0-4821-83ED-AA8796AF84A2}.Release|x86.Build.0 = Release|x86
		{0E93D8AB-7FA2-4F55-9ED1-EAE98DCF2A51}.Debug|Any CPU.ActiveCfg = Debug|Any CPU
		{0E93D8AB-7FA2-4F55-9ED1-EAE98DCF2A51}.Debug|Any CPU.Build.0 = Debug|Any CPU
		{0E93D8AB-7FA2-4F55-9ED1-EAE98DCF2A51}.Debug|Mixed Platforms.ActiveCfg = Debug|Any CPU
		{0E93D8AB-7FA2-4F55-9ED1-EAE98DCF2A51}.Debug|Mixed Platforms.Build.0 = Debug|Any CPU
		{0E93D8AB-7FA2-4F55-9ED1-EAE98DCF2A51}.Debug|x86.ActiveCfg = Debug|Any CPU
		{0E93D8AB-7FA2-4F55-9ED1-EAE98DCF2A51}.Release|Any CPU.ActiveCfg = Release|Any CPU
		{0E93D8AB-7FA2-4F55-9ED1-EAE98DCF2A51}.Release|Any CPU.Build.0 = Release|Any CPU
		{0E93D8AB-7FA2-4F55-9ED1-EAE98DCF2A51}.Release|Mixed Platforms.ActiveCfg = Release|Any CPU
		{0E93D8AB-7FA2-4F55-9ED1-EAE98DCF2A51}.Release|Mixed Platforms.Build.0 = Release|Any CPU
		{0E93D8AB-7FA2-4F55-9ED1-EAE98DCF2A51}.Release|x86.ActiveCfg = Release|Any CPU
		{8942B191-72C3-4E6B-B1BB-1368EEF50446}.Debug|Any CPU.ActiveCfg = Debug|Any CPU
		{8942B191-72C3-4E6B-B1BB-1368EEF50446}.Debug|Any CPU.Build.0 = Debug|Any CPU
		{8942B191-72C3-4E6B-B1BB-1368EEF50446}.Debug|Mixed Platforms.ActiveCfg = Debug|Any CPU
		{8942B191-72C3-4E6B-B1BB-1368EEF50446}.Debug|Mixed Platforms.Build.0 = Debug|Any CPU
		{8942B191-72C3-4E6B-B1BB-1368EEF50446}.Debug|x86.ActiveCfg = Debug|Any CPU
		{8942B191-72C3-4E6B-B1BB-1368EEF50446}.Release|Any CPU.ActiveCfg = Release|Any CPU
		{8942B191-72C3-4E6B-B1BB-1368EEF50446}.Release|Any CPU.Build.0 = Release|Any CPU
		{8942B191-72C3-4E6B-B1BB-1368EEF50446}.Release|Mixed Platforms.ActiveCfg = Release|Any CPU
		{8942B191-72C3-4E6B-B1BB-1368EEF50446}.Release|Mixed Platforms.Build.0 = Release|Any CPU
		{8942B191-72C3-4E6B-B1BB-1368EEF50446}.Release|x86.ActiveCfg = Release|Any CPU
		{E4C5B131-7E37-4CCF-BD4C-207B2968006F}.Debug|Any CPU.ActiveCfg = Debug|Any CPU
		{E4C5B131-7E37-4CCF-BD4C-207B2968006F}.Debug|Any CPU.Build.0 = Debug|Any CPU
		{E4C5B131-7E37-4CCF-BD4C-207B2968006F}.Debug|Mixed Platforms.ActiveCfg = Debug|Any CPU
		{E4C5B131-7E37-4CCF-BD4C-207B2968006F}.Debug|Mixed Platforms.Build.0 = Debug|Any CPU
		{E4C5B131-7E37-4CCF-BD4C-207B2968006F}.Debug|x86.ActiveCfg = Debug|Any CPU
		{E4C5B131-7E37-4CCF-BD4C-207B2968006F}.Release|Any CPU.ActiveCfg = Release|Any CPU
		{E4C5B131-7E37-4CCF-BD4C-207B2968006F}.Release|Any CPU.Build.0 = Release|Any CPU
		{E4C5B131-7E37-4CCF-BD4C-207B2968006F}.Release|Mixed Platforms.ActiveCfg = Release|Any CPU
		{E4C5B131-7E37-4CCF-BD4C-207B2968006F}.Release|Mixed Platforms.Build.0 = Release|Any CPU
		{E4C5B131-7E37-4CCF-BD4C-207B2968006F}.Release|x86.ActiveCfg = Release|Any CPU
		{23707326-EA34-4B44-8819-5C99DD056E24}.Debug|Any CPU.ActiveCfg = Debug|Any CPU
		{23707326-EA34-4B44-8819-5C99DD056E24}.Debug|Any CPU.Build.0 = Debug|Any CPU
		{23707326-EA34-4B44-8819-5C99DD056E24}.Debug|Mixed Platforms.ActiveCfg = Debug|Any CPU
		{23707326-EA34-4B44-8819-5C99DD056E24}.Debug|Mixed Platforms.Build.0 = Debug|Any CPU
		{23707326-EA34-4B44-8819-5C99DD056E24}.Debug|x86.ActiveCfg = Debug|Any CPU
		{23707326-EA34-4B44-8819-5C99DD056E24}.Release|Any CPU.ActiveCfg = Release|Any CPU
		{23707326-EA34-4B44-8819-5C99DD056E24}.Release|Any CPU.Build.0 = Release|Any CPU
		{23707326-EA34-4B44-8819-5C99DD056E24}.Release|Mixed Platforms.ActiveCfg = Release|Any CPU
		{23707326-EA34-4B44-8819-5C99DD056E24}.Release|Mixed Platforms.Build.0 = Release|Any CPU
		{23707326-EA34-4B44-8819-5C99DD056E24}.Release|x86.ActiveCfg = Release|Any CPU
		{E67E07EB-0665-49DC-8B32-34713FC1F6E5}.Debug|Any CPU.ActiveCfg = Debug|Any CPU
		{E67E07EB-0665-49DC-8B32-34713FC1F6E5}.Debug|Any CPU.Build.0 = Debug|Any CPU
		{E67E07EB-0665-49DC-8B32-34713FC1F6E5}.Debug|Mixed Platforms.ActiveCfg = Debug|Any CPU
		{E67E07EB-0665-49DC-8B32-34713FC1F6E5}.Debug|Mixed Platforms.Build.0 = Debug|Any CPU
		{E67E07EB-0665-49DC-8B32-34713FC1F6E5}.Debug|x86.ActiveCfg = Debug|Any CPU
		{E67E07EB-0665-49DC-8B32-34713FC1F6E5}.Release|Any CPU.ActiveCfg = Release|Any CPU
		{E67E07EB-0665-49DC-8B32-34713FC1F6E5}.Release|Any CPU.Build.0 = Release|Any CPU
		{E67E07EB-0665-49DC-8B32-34713FC1F6E5}.Release|Mixed Platforms.ActiveCfg = Release|Any CPU
		{E67E07EB-0665-49DC-8B32-34713FC1F6E5}.Release|Mixed Platforms.Build.0 = Release|Any CPU
		{E67E07EB-0665-49DC-8B32-34713FC1F6E5}.Release|x86.ActiveCfg = Release|Any CPU
		{B6C9BEFC-1347-44CC-BA68-DA6E04AF28B4}.Debug|Any CPU.ActiveCfg = Debug|Any CPU
		{B6C9BEFC-1347-44CC-BA68-DA6E04AF28B4}.Debug|Any CPU.Build.0 = Debug|Any CPU
		{B6C9BEFC-1347-44CC-BA68-DA6E04AF28B4}.Debug|Mixed Platforms.ActiveCfg = Debug|Any CPU
		{B6C9BEFC-1347-44CC-BA68-DA6E04AF28B4}.Debug|Mixed Platforms.Build.0 = Debug|Any CPU
		{B6C9BEFC-1347-44CC-BA68-DA6E04AF28B4}.Debug|x86.ActiveCfg = Debug|Any CPU
		{B6C9BEFC-1347-44CC-BA68-DA6E04AF28B4}.Release|Any CPU.ActiveCfg = Release|Any CPU
		{B6C9BEFC-1347-44CC-BA68-DA6E04AF28B4}.Release|Any CPU.Build.0 = Release|Any CPU
		{B6C9BEFC-1347-44CC-BA68-DA6E04AF28B4}.Release|Mixed Platforms.ActiveCfg = Release|Any CPU
		{B6C9BEFC-1347-44CC-BA68-DA6E04AF28B4}.Release|Mixed Platforms.Build.0 = Release|Any CPU
		{B6C9BEFC-1347-44CC-BA68-DA6E04AF28B4}.Release|x86.ActiveCfg = Release|Any CPU
		{07B08BA5-54F0-4699-8A12-83EC552C0273}.Debug|Any CPU.ActiveCfg = Debug|Any CPU
		{07B08BA5-54F0-4699-8A12-83EC552C0273}.Debug|Any CPU.Build.0 = Debug|Any CPU
		{07B08BA5-54F0-4699-8A12-83EC552C0273}.Debug|Mixed Platforms.ActiveCfg = Debug|Any CPU
		{07B08BA5-54F0-4699-8A12-83EC552C0273}.Debug|Mixed Platforms.Build.0 = Debug|Any CPU
		{07B08BA5-54F0-4699-8A12-83EC552C0273}.Debug|x86.ActiveCfg = Debug|Any CPU
		{07B08BA5-54F0-4699-8A12-83EC552C0273}.Release|Any CPU.ActiveCfg = Release|Any CPU
		{07B08BA5-54F0-4699-8A12-83EC552C0273}.Release|Any CPU.Build.0 = Release|Any CPU
		{07B08BA5-54F0-4699-8A12-83EC552C0273}.Release|Mixed Platforms.ActiveCfg = Release|Any CPU
		{07B08BA5-54F0-4699-8A12-83EC552C0273}.Release|Mixed Platforms.Build.0 = Release|Any CPU
		{07B08BA5-54F0-4699-8A12-83EC552C0273}.Release|x86.ActiveCfg = Release|Any CPU
		{88580152-54E6-466B-A5E4-E4A20914A12B}.Debug|Any CPU.ActiveCfg = Debug|Any CPU
		{88580152-54E6-466B-A5E4-E4A20914A12B}.Debug|Any CPU.Build.0 = Debug|Any CPU
		{88580152-54E6-466B-A5E4-E4A20914A12B}.Debug|Mixed Platforms.ActiveCfg = Debug|Any CPU
		{88580152-54E6-466B-A5E4-E4A20914A12B}.Debug|Mixed Platforms.Build.0 = Debug|Any CPU
		{88580152-54E6-466B-A5E4-E4A20914A12B}.Debug|x86.ActiveCfg = Debug|Any CPU
		{88580152-54E6-466B-A5E4-E4A20914A12B}.Release|Any CPU.ActiveCfg = Release|Any CPU
		{88580152-54E6-466B-A5E4-E4A20914A12B}.Release|Any CPU.Build.0 = Release|Any CPU
		{88580152-54E6-466B-A5E4-E4A20914A12B}.Release|Mixed Platforms.ActiveCfg = Release|Any CPU
		{88580152-54E6-466B-A5E4-E4A20914A12B}.Release|Mixed Platforms.Build.0 = Release|Any CPU
		{88580152-54E6-466B-A5E4-E4A20914A12B}.Release|x86.ActiveCfg = Release|Any CPU
		{684506F1-5DAD-4A3C-AB08-C34B241AF8D7}.Debug|Any CPU.ActiveCfg = Debug|Any CPU
		{684506F1-5DAD-4A3C-AB08-C34B241AF8D7}.Debug|Any CPU.Build.0 = Debug|Any CPU
		{684506F1-5DAD-4A3C-AB08-C34B241AF8D7}.Debug|Mixed Platforms.ActiveCfg = Debug|Any CPU
		{684506F1-5DAD-4A3C-AB08-C34B241AF8D7}.Debug|Mixed Platforms.Build.0 = Debug|Any CPU
		{684506F1-5DAD-4A3C-AB08-C34B241AF8D7}.Debug|x86.ActiveCfg = Debug|Any CPU
		{684506F1-5DAD-4A3C-AB08-C34B241AF8D7}.Release|Any CPU.ActiveCfg = Release|Any CPU
		{684506F1-5DAD-4A3C-AB08-C34B241AF8D7}.Release|Any CPU.Build.0 = Release|Any CPU
		{684506F1-5DAD-4A3C-AB08-C34B241AF8D7}.Release|Mixed Platforms.ActiveCfg = Release|Any CPU
		{684506F1-5DAD-4A3C-AB08-C34B241AF8D7}.Release|Mixed Platforms.Build.0 = Release|Any CPU
		{684506F1-5DAD-4A3C-AB08-C34B241AF8D7}.Release|x86.ActiveCfg = Release|Any CPU
		{592D4503-6C86-46A3-BA03-7DA412D01D02}.Debug|Any CPU.ActiveCfg = Debug|Any CPU
		{592D4503-6C86-46A3-BA03-7DA412D01D02}.Debug|Any CPU.Build.0 = Debug|Any CPU
		{592D4503-6C86-46A3-BA03-7DA412D01D02}.Debug|Mixed Platforms.ActiveCfg = Debug|Any CPU
		{592D4503-6C86-46A3-BA03-7DA412D01D02}.Debug|Mixed Platforms.Build.0 = Debug|Any CPU
		{592D4503-6C86-46A3-BA03-7DA412D01D02}.Debug|x86.ActiveCfg = Debug|Any CPU
		{592D4503-6C86-46A3-BA03-7DA412D01D02}.Release|Any CPU.ActiveCfg = Release|Any CPU
		{592D4503-6C86-46A3-BA03-7DA412D01D02}.Release|Any CPU.Build.0 = Release|Any CPU
		{592D4503-6C86-46A3-BA03-7DA412D01D02}.Release|Mixed Platforms.ActiveCfg = Release|Any CPU
		{592D4503-6C86-46A3-BA03-7DA412D01D02}.Release|Mixed Platforms.Build.0 = Release|Any CPU
		{592D4503-6C86-46A3-BA03-7DA412D01D02}.Release|x86.ActiveCfg = Release|Any CPU
		{88ECFBA7-E350-46B2-9B7F-ABBB05D1B910}.Debug|Any CPU.ActiveCfg = Debug|Any CPU
		{88ECFBA7-E350-46B2-9B7F-ABBB05D1B910}.Debug|Any CPU.Build.0 = Debug|Any CPU
		{88ECFBA7-E350-46B2-9B7F-ABBB05D1B910}.Debug|Mixed Platforms.ActiveCfg = Debug|Any CPU
		{88ECFBA7-E350-46B2-9B7F-ABBB05D1B910}.Debug|Mixed Platforms.Build.0 = Debug|Any CPU
		{88ECFBA7-E350-46B2-9B7F-ABBB05D1B910}.Debug|x86.ActiveCfg = Debug|Any CPU
		{88ECFBA7-E350-46B2-9B7F-ABBB05D1B910}.Release|Any CPU.ActiveCfg = Release|Any CPU
		{88ECFBA7-E350-46B2-9B7F-ABBB05D1B910}.Release|Any CPU.Build.0 = Release|Any CPU
		{88ECFBA7-E350-46B2-9B7F-ABBB05D1B910}.Release|Mixed Platforms.ActiveCfg = Release|Any CPU
		{88ECFBA7-E350-46B2-9B7F-ABBB05D1B910}.Release|Mixed Platforms.Build.0 = Release|Any CPU
		{88ECFBA7-E350-46B2-9B7F-ABBB05D1B910}.Release|x86.ActiveCfg = Release|Any CPU
		{911778A7-FAE9-469D-9866-5356A578E36F}.Debug|Any CPU.ActiveCfg = Debug|x86
		{911778A7-FAE9-469D-9866-5356A578E36F}.Debug|Mixed Platforms.ActiveCfg = Debug|x86
		{911778A7-FAE9-469D-9866-5356A578E36F}.Debug|Mixed Platforms.Build.0 = Debug|x86
		{911778A7-FAE9-469D-9866-5356A578E36F}.Debug|x86.ActiveCfg = Debug|x86
		{911778A7-FAE9-469D-9866-5356A578E36F}.Debug|x86.Build.0 = Debug|x86
		{911778A7-FAE9-469D-9866-5356A578E36F}.Release|Any CPU.ActiveCfg = Release|x86
		{911778A7-FAE9-469D-9866-5356A578E36F}.Release|Mixed Platforms.ActiveCfg = Release|x86
		{911778A7-FAE9-469D-9866-5356A578E36F}.Release|Mixed Platforms.Build.0 = Release|x86
		{911778A7-FAE9-469D-9866-5356A578E36F}.Release|x86.ActiveCfg = Release|x86
		{911778A7-FAE9-469D-9866-5356A578E36F}.Release|x86.Build.0 = Release|x86
		{DE8B6970-3BFA-45E7-8527-70C9E8ECD834}.Debug|Any CPU.ActiveCfg = Debug|x86
		{DE8B6970-3BFA-45E7-8527-70C9E8ECD834}.Debug|Mixed Platforms.ActiveCfg = Debug|x86
		{DE8B6970-3BFA-45E7-8527-70C9E8ECD834}.Debug|Mixed Platforms.Build.0 = Debug|x86
		{DE8B6970-3BFA-45E7-8527-70C9E8ECD834}.Debug|x86.ActiveCfg = Debug|x86
		{DE8B6970-3BFA-45E7-8527-70C9E8ECD834}.Debug|x86.Build.0 = Debug|x86
		{DE8B6970-3BFA-45E7-8527-70C9E8ECD834}.Release|Any CPU.ActiveCfg = Release|x86
		{DE8B6970-3BFA-45E7-8527-70C9E8ECD834}.Release|Mixed Platforms.ActiveCfg = Release|x86
		{DE8B6970-3BFA-45E7-8527-70C9E8ECD834}.Release|Mixed Platforms.Build.0 = Release|x86
		{DE8B6970-3BFA-45E7-8527-70C9E8ECD834}.Release|x86.ActiveCfg = Release|x86
		{DE8B6970-3BFA-45E7-8527-70C9E8ECD834}.Release|x86.Build.0 = Release|x86
		{763ABA2D-D93A-4527-AF42-74EFA511F378}.Debug|Any CPU.ActiveCfg = Debug|Any CPU
		{763ABA2D-D93A-4527-AF42-74EFA511F378}.Debug|Any CPU.Build.0 = Debug|Any CPU
		{763ABA2D-D93A-4527-AF42-74EFA511F378}.Debug|Mixed Platforms.ActiveCfg = Debug|Any CPU
		{763ABA2D-D93A-4527-AF42-74EFA511F378}.Debug|Mixed Platforms.Build.0 = Debug|Any CPU
		{763ABA2D-D93A-4527-AF42-74EFA511F378}.Debug|x86.ActiveCfg = Debug|Any CPU
		{763ABA2D-D93A-4527-AF42-74EFA511F378}.Release|Any CPU.ActiveCfg = Release|Any CPU
		{763ABA2D-D93A-4527-AF42-74EFA511F378}.Release|Any CPU.Build.0 = Release|Any CPU
		{763ABA2D-D93A-4527-AF42-74EFA511F378}.Release|Mixed Platforms.ActiveCfg = Release|Any CPU
		{763ABA2D-D93A-4527-AF42-74EFA511F378}.Release|Mixed Platforms.Build.0 = Release|Any CPU
		{763ABA2D-D93A-4527-AF42-74EFA511F378}.Release|x86.ActiveCfg = Release|Any CPU
	EndGlobalSection
	GlobalSection(SolutionProperties) = preSolution
		HideSolutionNode = FALSE
	EndGlobalSection
	GlobalSection(NestedProjects) = preSolution
		{6FF7DDA3-8849-485F-BF75-11686C204F37} = {BB39334D-4A50-4B65-A9DE-98F5408A79D1}
		{FA956DFD-EAE0-4821-83ED-AA8796AF84A2} = {BB39334D-4A50-4B65-A9DE-98F5408A79D1}
		{911778A7-FAE9-469D-9866-5356A578E36F} = {BB39334D-4A50-4B65-A9DE-98F5408A79D1}
		{DE8B6970-3BFA-45E7-8527-70C9E8ECD834} = {BB39334D-4A50-4B65-A9DE-98F5408A79D1}
		{D0A8EBF2-C5FC-4D53-9DF4-C85103097963} = {FA1ED208-2426-4ADE-9186-483F87491914}
		{413AEE4B-C5B2-44F1-A3A2-41EB3307CE58} = {FA1ED208-2426-4ADE-9186-483F87491914}
		{C4CE3A3C-D1BC-4CAD-9661-616658CBEABB} = {FA1ED208-2426-4ADE-9186-483F87491914}
		{0E93D8AB-7FA2-4F55-9ED1-EAE98DCF2A51} = {FA1ED208-2426-4ADE-9186-483F87491914}
		{8942B191-72C3-4E6B-B1BB-1368EEF50446} = {FA1ED208-2426-4ADE-9186-483F87491914}
		{E4C5B131-7E37-4CCF-BD4C-207B2968006F} = {FA1ED208-2426-4ADE-9186-483F87491914}
		{23707326-EA34-4B44-8819-5C99DD056E24} = {FA1ED208-2426-4ADE-9186-483F87491914}
		{E67E07EB-0665-49DC-8B32-34713FC1F6E5} = {FA1ED208-2426-4ADE-9186-483F87491914}
		{B6C9BEFC-1347-44CC-BA68-DA6E04AF28B4} = {FA1ED208-2426-4ADE-9186-483F87491914}
		{07B08BA5-54F0-4699-8A12-83EC552C0273} = {FA1ED208-2426-4ADE-9186-483F87491914}
		{88580152-54E6-466B-A5E4-E4A20914A12B} = {FA1ED208-2426-4ADE-9186-483F87491914}
		{763ABA2D-D93A-4527-AF42-74EFA511F378} = {FA1ED208-2426-4ADE-9186-483F87491914}
		{684506F1-5DAD-4A3C-AB08-C34B241AF8D7} = {9C9C3248-5DBE-4BB1-B35D-8D8A94F1DC59}
		{592D4503-6C86-46A3-BA03-7DA412D01D02} = {9C9C3248-5DBE-4BB1-B35D-8D8A94F1DC59}
		{88ECFBA7-E350-46B2-9B7F-ABBB05D1B910} = {9C9C3248-5DBE-4BB1-B35D-8D8A94F1DC59}
	EndGlobalSection
	GlobalSection(ExtensibilityGlobals) = postSolution
		BuildVersion_UseGlobalSettings = False
	EndGlobalSection
EndGlobal
